{
  "requires": true,
  "lockfileVersion": 1,
  "dependencies": {
    "@revolist/revogrid": {
      "version": "3.0.95",
      "resolved": "https://registry.npmjs.org/@revolist/revogrid/-/revogrid-3.0.95.tgz",
      "integrity": "sha512-dJCC6OoG7CdikYnDZocCe+exNlD9309zau0+6dy0GoSfs/5IysZaMsxGTjAiOQQzxHHZi6T06q4lsv+fP1EayA=="
    }
  }
}
